// !$*UTF8*$!
{
	archiveVersion = 1;
	classes = {
	};
	objectVersion = 56;
	objects = {

/* Begin PBXBuildFile section */
		7C11EFE32A436D7800607627 /* AddItemView.swift in Sources */ = {isa = PBXBuildFile; fileRef = 7C11EFE22A436D7800607627 /* AddItemView.swift */; };
		7C19982B2A6C143200C567AC /* ResellItemView.swift in Sources */ = {isa = PBXBuildFile; fileRef = 7C19982A2A6C143200C567AC /* ResellItemView.swift */; };
		7C6074F12A3A0F68005A7AD9 /* ResellTrackApp.swift in Sources */ = {isa = PBXBuildFile; fileRef = 7C6074F02A3A0F68005A7AD9 /* ResellTrackApp.swift */; };
		7C6074F32A3A0F68005A7AD9 /* ContentView.swift in Sources */ = {isa = PBXBuildFile; fileRef = 7C6074F22A3A0F68005A7AD9 /* ContentView.swift */; };
		7C6074F52A3A0F69005A7AD9 /* Assets.xcassets in Resources */ = {isa = PBXBuildFile; fileRef = 7C6074F42A3A0F69005A7AD9 /* Assets.xcassets */; };
		7C6074F82A3A0F69005A7AD9 /* Preview Assets.xcassets in Resources */ = {isa = PBXBuildFile; fileRef = 7C6074F72A3A0F69005A7AD9 /* Preview Assets.xcassets */; };
		7C66EA842A5C3BA900B9869B /* Item.swift in Sources */ = {isa = PBXBuildFile; fileRef = 7C66EA832A5C3BA900B9869B /* Item.swift */; };
		7C66EA862A5C3CEB00B9869B /* FileManager-DocumentDirectory.swift in Sources */ = {isa = PBXBuildFile; fileRef = 7C66EA852A5C3CEB00B9869B /* FileManager-DocumentDirectory.swift */; };
		7C66EA882A5C3E0C00B9869B /* ItemsView.swift in Sources */ = {isa = PBXBuildFile; fileRef = 7C66EA872A5C3E0C00B9869B /* ItemsView.swift */; };
		7C66EA8A2A5C4A2300B9869B /* DetailsView.swift in Sources */ = {isa = PBXBuildFile; fileRef = 7C66EA892A5C4A2300B9869B /* DetailsView.swift */; };
/* End PBXBuildFile section */

/* Begin PBXFileReference section */
		7C11EFE22A436D7800607627 /* AddItemView.swift */ = {isa = PBXFileReference; lastKnownFileType = sourcecode.swift; path = AddItemView.swift; sourceTree = "<group>"; };
		7C19982A2A6C143200C567AC /* ResellItemView.swift */ = {isa = PBXFileReference; lastKnownFileType = sourcecode.swift; path = ResellItemView.swift; sourceTree = "<group>"; };
		7C6074ED2A3A0F68005A7AD9 /* ResellTrack.app */ = {isa = PBXFileReference; explicitFileType = wrapper.application; includeInIndex = 0; path = ResellTrack.app; sourceTree = BUILT_PRODUCTS_DIR; };
		7C6074F02A3A0F68005A7AD9 /* ResellTrackApp.swift */ = {isa = PBXFileReference; lastKnownFileType = sourcecode.swift; path = ResellTrackApp.swift; sourceTree = "<group>"; };
		7C6074F22A3A0F68005A7AD9 /* ContentView.swift */ = {isa = PBXFileReference; lastKnownFileType = sourcecode.swift; path = ContentView.swift; sourceTree = "<group>"; };
		7C6074F42A3A0F69005A7AD9 /* Assets.xcassets */ = {isa = PBXFileReference; lastKnownFileType = folder.assetcatalog; path = Assets.xcassets; sourceTree = "<group>"; };
		7C6074F72A3A0F69005A7AD9 /* Preview Assets.xcassets */ = {isa = PBXFileReference; lastKnownFileType = folder.assetcatalog; path = "Preview Assets.xcassets"; sourceTree = "<group>"; };
		7C66EA832A5C3BA900B9869B /* Item.swift */ = {isa = PBXFileReference; lastKnownFileType = sourcecode.swift; path = Item.swift; sourceTree = "<group>"; };
		7C66EA852A5C3CEB00B9869B /* FileManager-DocumentDirectory.swift */ = {isa = PBXFileReference; fileEncoding = 4; lastKnownFileType = sourcecode.swift; path = "FileManager-DocumentDirectory.swift"; sourceTree = "<group>"; };
		7C66EA872A5C3E0C00B9869B /* ItemsView.swift */ = {isa = PBXFileReference; lastKnownFileType = sourcecode.swift; path = ItemsView.swift; sourceTree = "<group>"; };
		7C66EA892A5C4A2300B9869B /* DetailsView.swift */ = {isa = PBXFileReference; lastKnownFileType = sourcecode.swift; path = DetailsView.swift; sourceTree = "<group>"; };
/* End PBXFileReference section */

/* Begin PBXFrameworksBuildPhase section */
		7C6074EA2A3A0F68005A7AD9 /* Frameworks */ = {
			isa = PBXFrameworksBuildPhase;
			buildActionMask = 2147483647;
			files = (
			);
			runOnlyForDeploymentPostprocessing = 0;
		};
/* End PBXFrameworksBuildPhase section */

/* Begin PBXGroup section */
		7C6074E42A3A0F68005A7AD9 = {
			isa = PBXGroup;
			children = (
				7C6074EF2A3A0F68005A7AD9 /* ResellTrack */,
				7C6074EE2A3A0F68005A7AD9 /* Products */,
			);
			sourceTree = "<group>";
		};
		7C6074EE2A3A0F68005A7AD9 /* Products */ = {
			isa = PBXGroup;
			children = (
				7C6074ED2A3A0F68005A7AD9 /* ResellTrack.app */,
			);
			name = Products;
			sourceTree = "<group>";
		};
		7C6074EF2A3A0F68005A7AD9 /* ResellTrack */ = {
			isa = PBXGroup;
			children = (
				7C6074F02A3A0F68005A7AD9 /* ResellTrackApp.swift */,
				7C6074F22A3A0F68005A7AD9 /* ContentView.swift */,
				7C66EA872A5C3E0C00B9869B /* ItemsView.swift */,
				7C66EA892A5C4A2300B9869B /* DetailsView.swift */,
				7C11EFE22A436D7800607627 /* AddItemView.swift */,
				7C19982A2A6C143200C567AC /* ResellItemView.swift */,
				7C66EA832A5C3BA900B9869B /* Item.swift */,
				7C66EA852A5C3CEB00B9869B /* FileManager-DocumentDirectory.swift */,
				7C6074F42A3A0F69005A7AD9 /* Assets.xcassets */,
				7C6074F62A3A0F69005A7AD9 /* Preview Content */,
			);
			path = ResellTrack;
			sourceTree = "<group>";
		};
		7C6074F62A3A0F69005A7AD9 /* Preview Content */ = {
			isa = PBXGroup;
			children = (
				7C6074F72A3A0F69005A7AD9 /* Preview Assets.xcassets */,
			);
			path = "Preview Content";
			sourceTree = "<group>";
		};
/* End PBXGroup section */

/* Begin PBXNativeTarget section */
		7C6074EC2A3A0F68005A7AD9 /* ResellTrack */ = {
			isa = PBXNativeTarget;
			buildConfigurationList = 7C6074FB2A3A0F69005A7AD9 /* Build configuration list for PBXNativeTarget "ResellTrack" */;
			buildPhases = (
				7C6074E92A3A0F68005A7AD9 /* Sources */,
				7C6074EA2A3A0F68005A7AD9 /* Frameworks */,
				7C6074EB2A3A0F68005A7AD9 /* Resources */,
			);
			buildRules = (
			);
			dependencies = (
			);
			name = ResellTrack;
			productName = ResellTrack;
			productReference = 7C6074ED2A3A0F68005A7AD9 /* ResellTrack.app */;
			productType = "com.apple.product-type.application";
		};
/* End PBXNativeTarget section */

/* Begin PBXProject section */
		7C6074E52A3A0F68005A7AD9 /* Project object */ = {
			isa = PBXProject;
			attributes = {
				BuildIndependentTargetsInParallel = 1;
				LastSwiftUpdateCheck = 1430;
				LastUpgradeCheck = 1430;
				TargetAttributes = {
					7C6074EC2A3A0F68005A7AD9 = {
						CreatedOnToolsVersion = 14.3.1;
					};
				};
			};
			buildConfigurationList = 7C6074E82A3A0F68005A7AD9 /* Build configuration list for PBXProject "ResellTrack" */;
			compatibilityVersion = "Xcode 14.0";
			developmentRegion = en;
			hasScannedForEncodings = 0;
			knownRegions = (
				en,
				Base,
			);
			mainGroup = 7C6074E42A3A0F68005A7AD9;
			productRefGroup = 7C6074EE2A3A0F68005A7AD9 /* Products */;
			projectDirPath = "";
			projectRoot = "";
			targets = (
				7C6074EC2A3A0F68005A7AD9 /* ResellTrack */,
			);
		};
/* End PBXProject section */

/* Begin PBXResourcesBuildPhase section */
		7C6074EB2A3A0F68005A7AD9 /* Resources */ = {
			isa = PBXResourcesBuildPhase;
			buildActionMask = 2147483647;
			files = (
				7C6074F82A3A0F69005A7AD9 /* Preview Assets.xcassets in Resources */,
				7C6074F52A3A0F69005A7AD9 /* Assets.xcassets in Resources */,
			);
			runOnlyForDeploymentPostprocessing = 0;
		};
/* End PBXResourcesBuildPhase section */

/* Begin PBXSourcesBuildPhase section */
		7C6074E92A3A0F68005A7AD9 /* Sources */ = {
			isa = PBXSourcesBuildPhase;
			buildActionMask = 2147483647;
			files = (
				7C19982B2A6C143200C567AC /* ResellItemView.swift in Sources */,
				7C66EA842A5C3BA900B9869B /* Item.swift in Sources */,
				7C66EA8A2A5C4A2300B9869B /* DetailsView.swift in Sources */,
				7C66EA882A5C3E0C00B9869B /* ItemsView.swift in Sources */,
				7C6074F32A3A0F68005A7AD9 /* ContentView.swift in Sources */,
				7C66EA862A5C3CEB00B9869B /* FileManager-DocumentDirectory.swift in Sources */,
				7C6074F12A3A0F68005A7AD9 /* ResellTrackApp.swift in Sources */,
				7C11EFE32A436D7800607627 /* AddItemView.swift in Sources */,
			);
			runOnlyForDeploymentPostprocessing = 0;
		};
/* End PBXSourcesBuildPhase section */

/* Begin XCBuildConfiguration section */
		7C6074F92A3A0F69005A7AD9 /* Debug */ = {
			isa = XCBuildConfiguration;
			buildSettings = {
				ALWAYS_SEARCH_USER_PATHS = NO;
				CLANG_ANALYZER_NONNULL = YES;
				CLANG_ANALYZER_NUMBER_OBJECT_CONVERSION = YES_AGGRESSIVE;
				CLANG_CXX_LANGUAGE_STANDARD = "gnu++20";
				CLANG_ENABLE_MODULES = YES;
				CLANG_ENABLE_OBJC_ARC = YES;
				CLANG_ENABLE_OBJC_WEAK = YES;
				CLANG_WARN_BLOCK_CAPTURE_AUTORELEASING = YES;
				CLANG_WARN_BOOL_CONVERSION = YES;
				CLANG_WARN_COMMA = YES;
				CLANG_WARN_CONSTANT_CONVERSION = YES;
				CLANG_WARN_DEPRECATED_OBJC_IMPLEMENTATIONS = YES;
				CLANG_WARN_DIRECT_OBJC_ISA_USAGE = YES_ERROR;
				CLANG_WARN_DOCUMENTATION_COMMENTS = YES;
				CLANG_WARN_EMPTY_BODY = YES;
				CLANG_WARN_ENUM_CONVERSION = YES;
				CLANG_WARN_INFINITE_RECURSION = YES;
				CLANG_WARN_INT_CONVERSION = YES;
				CLANG_WARN_NON_LITERAL_NULL_CONVERSION = YES;
				CLANG_WARN_OBJC_IMPLICIT_RETAIN_SELF = YES;
				CLANG_WARN_OBJC_LITERAL_CONVERSION = YES;
				CLANG_WARN_OBJC_ROOT_CLASS = YES_ERROR;
				CLANG_WARN_QUOTED_INCLUDE_IN_FRAMEWORK_HEADER = YES;
				CLANG_WARN_RANGE_LOOP_ANALYSIS = YES;
				CLANG_WARN_STRICT_PROTOTYPES = YES;
				CLANG_WARN_SUSPICIOUS_MOVE = YES;
				CLANG_WARN_UNGUARDED_AVAILABILITY = YES_AGGRESSIVE;
				CLANG_WARN_UNREACHABLE_CODE = YES;
				CLANG_WARN__DUPLICATE_METHOD_MATCH = YES;
				COPY_PHASE_STRIP = NO;
				DEBUG_INFORMATION_FORMAT = dwarf;
				ENABLE_STRICT_OBJC_MSGSEND = YES;
				ENABLE_TESTABILITY = YES;
				GCC_C_LANGUAGE_STANDARD = gnu11;
				GCC_DYNAMIC_NO_PIC = NO;
				GCC_NO_COMMON_BLOCKS = YES;
				GCC_OPTIMIZATION_LEVEL = 0;
				GCC_PREPROCESSOR_DEFINITIONS = (
					"DEBUG=1",
					"$(inherited)",
				);
				GCC_WARN_64_TO_32_BIT_CONVERSION = YES;
				GCC_WARN_ABOUT_RETURN_TYPE = YES_ERROR;
				GCC_WARN_UNDECLARED_SELECTOR = YES;
				GCC_WARN_UNINITIALIZED_AUTOS = YES_AGGRESSIVE;
				GCC_WARN_UNUSED_FUNCTION = YES;
				GCC_WARN_UNUSED_VARIABLE = YES;
				IPHONEOS_DEPLOYMENT_TARGET = 16.4;
				MTL_ENABLE_DEBUG_INFO = INCLUDE_SOURCE;
				MTL_FAST_MATH = YES;
				ONLY_ACTIVE_ARCH = YES;
				SDKROOT = iphoneos;
				SWIFT_ACTIVE_COMPILATION_CONDITIONS = DEBUG;
				SWIFT_OPTIMIZATION_LEVEL = "-Onone";
			};
			name = Debug;
		};
		7C6074FA2A3A0F69005A7AD9 /* Release */ = {
			isa = XCBuildConfiguration;
			buildSettings = {
				ALWAYS_SEARCH_USER_PATHS = NO;
				CLANG_ANALYZER_NONNULL = YES;
				CLANG_ANALYZER_NUMBER_OBJECT_CONVERSION = YES_AGGRESSIVE;
				CLANG_CXX_LANGUAGE_STANDARD = "gnu++20";
				CLANG_ENABLE_MODULES = YES;
				CLANG_ENABLE_OBJC_ARC = YES;
				CLANG_ENABLE_OBJC_WEAK = YES;
				CLANG_WARN_BLOCK_CAPTURE_AUTORELEASING = YES;
				CLANG_WARN_BOOL_CONVERSION = YES;
				CLANG_WARN_COMMA = YES;
				CLANG_WARN_CONSTANT_CONVERSION = YES;
				CLANG_WARN_DEPRECATED_OBJC_IMPLEMENTATIONS = YES;
				CLANG_WARN_DIRECT_OBJC_ISA_USAGE = YES_ERROR;
				CLANG_WARN_DOCUMENTATION_COMMENTS = YES;
				CLANG_WARN_EMPTY_BODY = YES;
				CLANG_WARN_ENUM_CONVERSION = YES;
				CLANG_WARN_INFINITE_RECURSION = YES;
				CLANG_WARN_INT_CONVERSION = YES;
				CLANG_WARN_NON_LITERAL_NULL_CONVERSION = YES;
				CLANG_WARN_OBJC_IMPLICIT_RETAIN_SELF = YES;
				CLANG_WARN_OBJC_LITERAL_CONVERSION = YES;
				CLANG_WARN_OBJC_ROOT_CLASS = YES_ERROR;
				CLANG_WARN_QUOTED_INCLUDE_IN_FRAMEWORK_HEADER = YES;
				CLANG_WARN_RANGE_LOOP_ANALYSIS = YES;
				CLANG_WARN_STRICT_PROTOTYPES = YES;
				CLANG_WARN_SUSPICIOUS_MOVE = YES;
				CLANG_WARN_UNGUARDED_AVAILABILITY = YES_AGGRESSIVE;
				CLANG_WARN_UNREACHABLE_CODE = YES;
				CLANG_WARN__DUPLICATE_METHOD_MATCH = YES;
				COPY_PHASE_STRIP = NO;
				DEBUG_INFORMATION_FORMAT = "dwarf-with-dsym";
				ENABLE_NS_ASSERTIONS = NO;
				ENABLE_STRICT_OBJC_MSGSEND = YES;
				GCC_C_LANGUAGE_STANDARD = gnu11;
				GCC_NO_COMMON_BLOCKS = YES;
				GCC_WARN_64_TO_32_BIT_CONVERSION = YES;
				GCC_WARN_ABOUT_RETURN_TYPE = YES_ERROR;
				GCC_WARN_UNDECLARED_SELECTOR = YES;
				GCC_WARN_UNINITIALIZED_AUTOS = YES_AGGRESSIVE;
				GCC_WARN_UNUSED_FUNCTION = YES;
				GCC_WARN_UNUSED_VARIABLE = YES;
				IPHONEOS_DEPLOYMENT_TARGET = 16.4;
				MTL_ENABLE_DEBUG_INFO = NO;
				MTL_FAST_MATH = YES;
				SDKROOT = iphoneos;
				SWIFT_COMPILATION_MODE = wholemodule;
				SWIFT_OPTIMIZATION_LEVEL = "-O";
				VALIDATE_PRODUCT = YES;
			};
			name = Release;
		};
		7C6074FC2A3A0F69005A7AD9 /* Debug */ = {
			isa = XCBuildConfiguration;
			buildSettings = {
				ASSETCATALOG_COMPILER_APPICON_NAME = AppIcon;
				ASSETCATALOG_COMPILER_GLOBAL_ACCENT_COLOR_NAME = AccentColor;
				CODE_SIGN_STYLE = Automatic;
				CURRENT_PROJECT_VERSION = 1;
				DEVELOPMENT_ASSET_PATHS = "\"ResellTrack/Preview Content\"";
				DEVELOPMENT_TEAM = B534AW2NU4;
				ENABLE_PREVIEWS = YES;
				GENERATE_INFOPLIST_FILE = YES;
				INFOPLIST_KEY_UIApplicationSceneManifest_Generation = YES;
				INFOPLIST_KEY_UIApplicationSupportsIndirectInputEvents = YES;
				INFOPLIST_KEY_UILaunchScreen_Generation = YES;
				INFOPLIST_KEY_UISupportedInterfaceOrientations_iPad = "UIInterfaceOrientationPortrait UIInterfaceOrientationPortraitUpsideDown UIInterfaceOrientationLandscapeLeft UIInterfaceOrientationLandscapeRight";
				INFOPLIST_KEY_UISupportedInterfaceOrientations_iPhone = "UIInterfaceOrientationPortrait UIInterfaceOrientationLandscapeLeft UIInterfaceOrientationLandscapeRight";
				IPHONEOS_DEPLOYMENT_TARGET = 16.2;
				LD_RUNPATH_SEARCH_PATHS = (
					"$(inherited)",
					"@executable_path/Frameworks",
				);
				MARKETING_VERSION = 1.0;
				PRODUCT_BUNDLE_IDENTIFIER = io.github.tienbui1508.ResellTrack;
				PRODUCT_NAME = "$(TARGET_NAME)";
				SWIFT_EMIT_LOC_STRINGS = YES;
				SWIFT_VERSION = 5.0;
				TARGETED_DEVICE_FAMILY = "1,2";
			};
			name = Debug;
		};
		7C6074FD2A3A0F69005A7AD9 /* Release */ = {
			isa = XCBuildConfiguration;
			buildSettings = {
				ASSETCATALOG_COMPILER_APPICON_NAME = AppIcon;
				ASSETCATALOG_COMPILER_GLOBAL_ACCENT_COLOR_NAME = AccentColor;
				CODE_SIGN_STYLE = Automatic;
				CURRENT_PROJECT_VERSION = 1;
				DEVELOPMENT_ASSET_PATHS = "\"ResellTrack/Preview Content\"";
				DEVELOPMENT_TEAM = B534AW2NU4;
				ENABLE_PREVIEWS = YES;
				GENERATE_INFOPLIST_FILE = YES;
				INFOPLIST_KEY_UIApplicationSceneManifest_Generation = YES;
				INFOPLIST_KEY_UIApplicationSupportsIndirectInputEvents = YES;
				INFOPLIST_KEY_UILaunchScreen_Generation = YES;
				INFOPLIST_KEY_UISupportedInterfaceOrientations_iPad = "UIInterfaceOrientationPortrait UIInterfaceOrientationPortraitUpsideDown UIInterfaceOrientationLandscapeLeft UIInterfaceOrientationLandscapeRight";
				INFOPLIST_KEY_UISupportedInterfaceOrientations_iPhone = "UIInterfaceOrientationPortrait UIInterfaceOrientationLandscapeLeft UIInterfaceOrientationLandscapeRight";
				IPHONEOS_DEPLOYMENT_TARGET = 16.2;
				LD_RUNPATH_SEARCH_PATHS = (
					"$(inherited)",
					"@executable_path/Frameworks",
				);
				MARKETING_VERSION = 1.0;
				PRODUCT_BUNDLE_IDENTIFIER = io.github.tienbui1508.ResellTrack;
				PRODUCT_NAME = "$(TARGET_NAME)";
				SWIFT_EMIT_LOC_STRINGS = YES;
				SWIFT_VERSION = 5.0;
				TARGETED_DEVICE_FAMILY = "1,2";
			};
			name = Release;
		};
/* End XCBuildConfiguration section */

/* Begin XCConfigurationList section */
		7C6074E82A3A0F68005A7AD9 /* Build configuration list for PBXProject "ResellTrack" */ = {
			isa = XCConfigurationList;
			buildConfigurations = (
				7C6074F92A3A0F69005A7AD9 /* Debug */,
				7C6074FA2A3A0F69005A7AD9 /* Release */,
			);
			defaultConfigurationIsVisible = 0;
			defaultConfigurationName = Release;
		};
		7C6074FB2A3A0F69005A7AD9 /* Build configuration list for PBXNativeTarget "ResellTrack" */ = {
			isa = XCConfigurationList;
			buildConfigurations = (
				7C6074FC2A3A0F69005A7AD9 /* Debug */,
				7C6074FD2A3A0F69005A7AD9 /* Release */,
			);
			defaultConfigurationIsVisible = 0;
			defaultConfigurationName = Release;
		};
/* End XCConfigurationList section */
	};
	rootObject = 7C6074E52A3A0F68005A7AD9 /* Project object */;
}
